<?xml version="1.0" encoding="utf-8"?>
<Project ToolsVersion="4.0" xmlns="http://schemas.microsoft.com/developer/msbuild/2003">
  <ItemGroup>
    <ClCompile Include="DX11Renderer.cpp" />
    <ClCompile Include="..\RenderCommon\Renderer.cpp">
      <Filter>Common</Filter>
    </ClCompile>
    <ClCompile Include="..\RenderCommon\StdAfx.cpp">
      <Filter>Common</Filter>
    </ClCompile>
    <ClCompile Include="..\RenderCommon\InputLayout.cpp">
      <Filter>Common</Filter>
    </ClCompile>
    <ClCompile Include="..\RenderCommon\SamplerState.cpp">
      <Filter>Common</Filter>
    </ClCompile>
    <ClCompile Include="..\RenderCommon\SwapChain.cpp">
      <Filter>Common</Filter>
    </ClCompile>
    <ClCompile Include="..\RenderCommon\RenderCommon.cpp">
      <Filter>Common</Filter>
    </ClCompile>
    <ClCompile Include="..\RenderCommon\RenderResources.cpp">
      <Filter>Common</Filter>
    </ClCompile>
    <ClCompile Include="..\RenderCommon\DeviceFormats.cpp">
      <Filter>Common\Device</Filter>
    </ClCompile>
    <ClCompile Include="..\RenderCommon\DeviceResources.cpp">
      <Filter>Common\Device</Filter>
    </ClCompile>
    <ClCompile Include="..\RenderCommon\DeviceObjects.cpp">
      <Filter>Common\Device</Filter>
    </ClCompile>
    <ClCompile Include="..\RenderCommon\Texture.cpp">
      <Filter>Common\Texture</Filter>
    </ClCompile>
    <ClCompile Include="..\RenderCommon\TextureManager.cpp">
      <Filter>Common\Texture</Filter>
    </ClCompile>
    <ClCompile Include="..\RenderCommon\DDSLoader.cpp">
      <Filter>Common\Texture</Filter>
    </ClCompile>
    <ClCompile Include="..\RenderCommon\Shader.cpp">
      <Filter>Common\Shader</Filter>
    </ClCompile>
    <ClCompile Include="..\RenderCommon\ShaderManager.cpp">
      <Filter>Common\Shader</Filter>
    </ClCompile>
    <ClCompile Include="..\RenderCommon\RenderMesh.cpp">
      <Filter>Common\Mesh</Filter>
    </ClCompile>
    <ClCompile Include="DeviceObjects_impl.cpp" />
    <ClCompile Include="..\RenderCommon\GpuBuffer.cpp">
      <Filter>Common</Filter>
    </ClCompile>
    <ClCompile Include="..\RenderCommon\RenderView.cpp">
      <Filter>Common</Filter>
    </ClCompile>
    <ClCompile Include="..\RenderCommon\BuffersManager.cpp">
      <Filter>Common</Filter>
    </ClCompile>
  </ItemGroup>
  <ItemGroup>
    <ClInclude Include="DX11Renderer.h" />
    <ClInclude Include="..\RenderCommon\Renderer.h">
      <Filter>Common</Filter>
    </ClInclude>
    <ClInclude Include="..\RenderCommon\StdAfx.h">
      <Filter>Common</Filter>
    </ClInclude>
    <ClInclude Include="..\RenderCommon\InputLayout.h">
      <Filter>Common</Filter>
    </ClInclude>
    <ClInclude Include="..\RenderCommon\RenderCommon.h">
      <Filter>Common</Filter>
    </ClInclude>
    <ClInclude Include="..\RenderCommon\SamplerState.h">
      <Filter>Common</Filter>
    </ClInclude>
    <ClInclude Include="..\RenderCommon\SwapChain.h">
      <Filter>Common</Filter>
    </ClInclude>
    <ClInclude Include="..\RenderCommon\RenderResources.h">
      <Filter>Common</Filter>
    </ClInclude>
    <ClInclude Include="..\RenderCommon\DeviceFormats.h">
      <Filter>Common\Device</Filter>
    </ClInclude>
    <ClInclude Include="..\RenderCommon\DeviceResources.h">
      <Filter>Common\Device</Filter>
    </ClInclude>
    <ClInclude Include="..\RenderCommon\DeviceObjects.h">
      <Filter>Common\Device</Filter>
    </ClInclude>
    <ClInclude Include="..\RenderCommon\Texture.h">
      <Filter>Common\Texture</Filter>
    </ClInclude>
    <ClInclude Include="..\RenderCommon\TextureManager.h">
      <Filter>Common\Texture</Filter>
    </ClInclude>
    <ClInclude Include="..\RenderCommon\DDSLoader.h">
      <Filter>Common\Texture</Filter>
    </ClInclude>
    <ClInclude Include="..\RenderCommon\Shader.h">
      <Filter>Common\Shader</Filter>
    </ClInclude>
    <ClInclude Include="..\RenderCommon\ShaderManager.h">
      <Filter>Common\Shader</Filter>
    </ClInclude>
    <ClInclude Include="..\RenderCommon\RenderMesh.h">
      <Filter>Common\Mesh</Filter>
    </ClInclude>
    <ClInclude Include="..\RenderCommon\GpuBuffer.h">
      <Filter>Common</Filter>
    </ClInclude>
    <ClInclude Include="..\RenderCommon\RenderView.h">
      <Filter>Common</Filter>
    </ClInclude>
    <ClInclude Include="..\RenderCommon\BuffersManager.h">
      <Filter>Common</Filter>
    </ClInclude>
  </ItemGroup>
  <ItemGroup>
    <Filter Include="Common">
      <UniqueIdentifier>{10efb22f-bb05-441f-b871-1ea14154c035}</UniqueIdentifier>
    </Filter>
    <Filter Include="Common\Device">
      <UniqueIdentifier>{e45bc82c-799e-47eb-b0fb-7150cbc0c1df}</UniqueIdentifier>
    </Filter>
    <Filter Include="Common\Texture">
      <UniqueIdentifier>{eec94b41-e69f-459d-bf77-34cbc1255ac5}</UniqueIdentifier>
    </Filter>
    <Filter Include="Common\Shader">
      <UniqueIdentifier>{8f4a6cbe-46b1-4af5-b4e8-8d916f98a75c}</UniqueIdentifier>
    </Filter>
    <Filter Include="Common\Mesh">
      <UniqueIdentifier>{b187c028-abf1-4b86-9809-fb2003e2cf5a}</UniqueIdentifier>
    </Filter>
  </ItemGroup>
  <ItemGroup>
    <None Include="DX11_impl.inl" />
    <None Include="DX11DeviceResources_impl.inl" />
  </ItemGroup>
</Project>