<?xml version="1.0" encoding="utf-8"?>
<Project ToolsVersion="4.0" xmlns="http://schemas.microsoft.com/developer/msbuild/2003">
  <ItemGroup>
    <ClCompile Include="DX11Renderer.cpp" />
    <ClCompile Include="..\RenderCommon\Renderer.cpp">
      <Filter>RndCommon</Filter>
    </ClCompile>
    <ClCompile Include="..\RenderCommon\StdAfx.cpp">
      <Filter>RndCommon</Filter>
    </ClCompile>
  </ItemGroup>
  <ItemGroup>
    <ClInclude Include="DX11Renderer.h" />
    <ClInclude Include="..\RenderCommon\Renderer.h">
      <Filter>RndCommon</Filter>
    </ClInclude>
    <ClInclude Include="..\RenderCommon\StdAfx.h">
      <Filter>RndCommon</Filter>
    </ClInclude>
  </ItemGroup>
  <ItemGroup>
    <Filter Include="RndCommon">
      <UniqueIdentifier>{10efb22f-bb05-441f-b871-1ea14154c035}</UniqueIdentifier>
    </Filter>
  </ItemGroup>
</Project>