<?xml version="1.0" encoding="utf-8"?>
<Project ToolsVersion="4.0" xmlns="http://schemas.microsoft.com/developer/msbuild/2003">
  <ItemGroup>
    <ClCompile Include="DX11Renderer.cpp" />
    <ClCompile Include="..\RenderCommon\Common\Renderer.cpp">
      <Filter>Common</Filter>
    </ClCompile>
    <ClCompile Include="..\RenderCommon\Common\InputLayout.cpp">
      <Filter>Common</Filter>
    </ClCompile>
    <ClCompile Include="..\RenderCommon\Common\SamplerState.cpp">
      <Filter>Common</Filter>
    </ClCompile>
    <ClCompile Include="..\RenderCommon\Common\SwapChain.cpp">
      <Filter>Common</Filter>
    </ClCompile>
    <ClCompile Include="..\RenderCommon\Common\RenderCommon.cpp">
      <Filter>Common</Filter>
    </ClCompile>
    <ClCompile Include="..\RenderCommon\Common\RenderResources.cpp">
      <Filter>Common</Filter>
    </ClCompile>
    <ClCompile Include="..\RenderCommon\Common\DeviceFormats.cpp">
      <Filter>Common\Device</Filter>
    </ClCompile>
    <ClCompile Include="..\RenderCommon\Common\DeviceResources.cpp">
      <Filter>Common\Device</Filter>
    </ClCompile>
    <ClCompile Include="..\RenderCommon\Common\DeviceObjects.cpp">
      <Filter>Common\Device</Filter>
    </ClCompile>
    <ClCompile Include="..\RenderCommon\Common\Texture.cpp">
      <Filter>Common\Texture</Filter>
    </ClCompile>
    <ClCompile Include="..\RenderCommon\Common\TextureManager.cpp">
      <Filter>Common\Texture</Filter>
    </ClCompile>
    <ClCompile Include="..\RenderCommon\Common\DDSLoader.cpp">
      <Filter>Common\Texture</Filter>
    </ClCompile>
    <ClCompile Include="..\RenderCommon\Common\Shader.cpp">
      <Filter>Common\Shader</Filter>
    </ClCompile>
    <ClCompile Include="..\RenderCommon\Common\ShaderManager.cpp">
      <Filter>Common\Shader</Filter>
    </ClCompile>
    <ClCompile Include="..\RenderCommon\Common\RenderMesh.cpp">
      <Filter>Common\Mesh</Filter>
    </ClCompile>
    <ClCompile Include="DeviceObjects_impl.cpp" />
    <ClCompile Include="..\RenderCommon\Common\GpuBuffer.cpp">
      <Filter>Common</Filter>
    </ClCompile>
    <ClCompile Include="..\RenderCommon\Common\RenderView.cpp">
      <Filter>Common</Filter>
    </ClCompile>
    <ClCompile Include="..\RenderCommon\Common\BuffersManager.cpp">
      <Filter>Common</Filter>
    </ClCompile>
    <ClCompile Include="..\RenderCommon\StdAfx.cpp" />
  </ItemGroup>
  <ItemGroup>
    <ClInclude Include="DX11Renderer.h" />
    <ClInclude Include="..\RenderCommon\Common\Renderer.h">
      <Filter>Common</Filter>
    </ClInclude>
    <ClInclude Include="..\RenderCommon\Common\InputLayout.h">
      <Filter>Common</Filter>
    </ClInclude>
    <ClInclude Include="..\RenderCommon\Common\RenderCommon.h">
      <Filter>Common</Filter>
    </ClInclude>
    <ClInclude Include="..\RenderCommon\Common\SamplerState.h">
      <Filter>Common</Filter>
    </ClInclude>
    <ClInclude Include="..\RenderCommon\Common\SwapChain.h">
      <Filter>Common</Filter>
    </ClInclude>
    <ClInclude Include="..\RenderCommon\Common\RenderResources.h">
      <Filter>Common</Filter>
    </ClInclude>
    <ClInclude Include="..\RenderCommon\Common\DeviceFormats.h">
      <Filter>Common\Device</Filter>
    </ClInclude>
    <ClInclude Include="..\RenderCommon\Common\DeviceResources.h">
      <Filter>Common\Device</Filter>
    </ClInclude>
    <ClInclude Include="..\RenderCommon\Common\DeviceObjects.h">
      <Filter>Common\Device</Filter>
    </ClInclude>
    <ClInclude Include="..\RenderCommon\Common\Texture.h">
      <Filter>Common\Texture</Filter>
    </ClInclude>
    <ClInclude Include="..\RenderCommon\Common\TextureManager.h">
      <Filter>Common\Texture</Filter>
    </ClInclude>
    <ClInclude Include="..\RenderCommon\Common\DDSLoader.h">
      <Filter>Common\Texture</Filter>
    </ClInclude>
    <ClInclude Include="..\RenderCommon\Common\Shader.h">
      <Filter>Common\Shader</Filter>
    </ClInclude>
    <ClInclude Include="..\RenderCommon\Common\ShaderManager.h">
      <Filter>Common\Shader</Filter>
    </ClInclude>
    <ClInclude Include="..\RenderCommon\Common\RenderMesh.h">
      <Filter>Common\Mesh</Filter>
    </ClInclude>
    <ClInclude Include="..\RenderCommon\Common\GpuBuffer.h">
      <Filter>Common</Filter>
    </ClInclude>
    <ClInclude Include="..\RenderCommon\Common\RenderView.h">
      <Filter>Common</Filter>
    </ClInclude>
    <ClInclude Include="..\RenderCommon\Common\BuffersManager.h">
      <Filter>Common</Filter>
    </ClInclude>
    <ClInclude Include="..\RenderCommon\StdAfx.h" />
  </ItemGroup>
  <ItemGroup>
    <Filter Include="Common">
      <UniqueIdentifier>{10efb22f-bb05-441f-b871-1ea14154c035}</UniqueIdentifier>
    </Filter>
    <Filter Include="Common\Device">
      <UniqueIdentifier>{e45bc82c-799e-47eb-b0fb-7150cbc0c1df}</UniqueIdentifier>
    </Filter>
    <Filter Include="Common\Texture">
      <UniqueIdentifier>{eec94b41-e69f-459d-bf77-34cbc1255ac5}</UniqueIdentifier>
    </Filter>
    <Filter Include="Common\Shader">
      <UniqueIdentifier>{8f4a6cbe-46b1-4af5-b4e8-8d916f98a75c}</UniqueIdentifier>
    </Filter>
    <Filter Include="Common\Mesh">
      <UniqueIdentifier>{b187c028-abf1-4b86-9809-fb2003e2cf5a}</UniqueIdentifier>
    </Filter>
  </ItemGroup>
  <ItemGroup>
    <None Include="DX11_impl.inl" />
    <None Include="DX11DeviceResources_impl.inl" />
  </ItemGroup>
</Project>