<?xml version="1.0" encoding="utf-8"?>
<Project ToolsVersion="4.0" xmlns="http://schemas.microsoft.com/developer/msbuild/2003">
  <ItemGroup>
    <ClCompile Include="StdAfx.cpp" />
    <ClCompile Include="WorldEngine\WorldEngine.cpp">
      <Filter>WorldEngine</Filter>
    </ClCompile>
    <ClCompile Include="RenderNodes\DecalRenderNode.cpp">
      <Filter>RenderNodes</Filter>
    </ClCompile>
    <ClCompile Include="RenderNodes\LightSourceNode.cpp">
      <Filter>RenderNodes</Filter>
    </ClCompile>
    <ClCompile Include="RenderNodes\MeshRenderNode.cpp">
      <Filter>RenderNodes</Filter>
    </ClCompile>
    <ClCompile Include="RenderNodes\VegetationNode.cpp">
      <Filter>RenderNodes</Filter>
    </ClCompile>
    <ClCompile Include="RenderNodes\CharacterRenderNode.cpp">
      <Filter>RenderNodes</Filter>
    </ClCompile>
    <ClCompile Include="ObjLoader\ObjLoader.cpp">
      <Filter>ObjLoader</Filter>
    </ClCompile>
    <ClCompile Include="Material\Material.cpp">
      <Filter>Material</Filter>
    </ClCompile>
    <ClCompile Include="Material\MaterialManager.cpp">
      <Filter>Material</Filter>
    </ClCompile>
    <ClCompile Include="Object\ObjectsTree.cpp">
      <Filter>Object</Filter>
    </ClCompile>
    <ClCompile Include="Object\IndexedMesh.cpp">
      <Filter>Object</Filter>
    </ClCompile>
    <ClCompile Include="Object\ObjectManager.cpp">
      <Filter>Object</Filter>
    </ClCompile>
    <ClCompile Include="Object\WorldObject.cpp">
      <Filter>Object</Filter>
    </ClCompile>
  </ItemGroup>
  <ItemGroup>
    <ClInclude Include="StdAfx.h" />
    <ClInclude Include="WorldEngine\WorldEngine.h">
      <Filter>WorldEngine</Filter>
    </ClInclude>
    <ClInclude Include="RenderNodes\DecalRenderNode.h">
      <Filter>RenderNodes</Filter>
    </ClInclude>
    <ClInclude Include="RenderNodes\LightSourceNode.h">
      <Filter>RenderNodes</Filter>
    </ClInclude>
    <ClInclude Include="RenderNodes\MeshRenderNode.h">
      <Filter>RenderNodes</Filter>
    </ClInclude>
    <ClInclude Include="RenderNodes\VegetationNode.h">
      <Filter>RenderNodes</Filter>
    </ClInclude>
    <ClInclude Include="RenderNodes\CharacterRenderNode.h">
      <Filter>RenderNodes</Filter>
    </ClInclude>
    <ClInclude Include="ObjLoader\ObjLoader.h">
      <Filter>ObjLoader</Filter>
    </ClInclude>
    <ClInclude Include="ObjLoader\tiny_obj_loader.h">
      <Filter>ObjLoader</Filter>
    </ClInclude>
    <ClInclude Include="Material\Material.h">
      <Filter>Material</Filter>
    </ClInclude>
    <ClInclude Include="Material\MaterialManager.h">
      <Filter>Material</Filter>
    </ClInclude>
    <ClInclude Include="Object\ObjectsTree.h">
      <Filter>Object</Filter>
    </ClInclude>
    <ClInclude Include="Object\IndexedMesh.h">
      <Filter>Object</Filter>
    </ClInclude>
    <ClInclude Include="Object\ObjectManager.h">
      <Filter>Object</Filter>
    </ClInclude>
    <ClInclude Include="Object\WorldObject.h">
      <Filter>Object</Filter>
    </ClInclude>
    <ClInclude Include="ObjLoader\OBJ_Loader.h">
      <Filter>ObjLoader</Filter>
    </ClInclude>
  </ItemGroup>
  <ItemGroup>
    <Filter Include="WorldEngine">
      <UniqueIdentifier>{f337ba5a-0ea2-41f9-8f70-46d129429b9a}</UniqueIdentifier>
    </Filter>
    <Filter Include="RenderNodes">
      <UniqueIdentifier>{fdc9c0e5-f106-4121-aeda-8c12419f1d87}</UniqueIdentifier>
    </Filter>
    <Filter Include="Object">
      <UniqueIdentifier>{01249bab-8c79-497d-a2d6-96b6914cc54e}</UniqueIdentifier>
    </Filter>
    <Filter Include="ObjLoader">
      <UniqueIdentifier>{223c11aa-dcfd-4bb2-b43c-da252c4801cf}</UniqueIdentifier>
    </Filter>
    <Filter Include="Material">
      <UniqueIdentifier>{ee9be346-b708-4e1e-85ca-1ed6c95726d9}</UniqueIdentifier>
    </Filter>
  </ItemGroup>
</Project>