<?xml version="1.0" encoding="utf-8"?>
<Project ToolsVersion="4.0" xmlns="http://schemas.microsoft.com/developer/msbuild/2003">
  <ItemGroup>
    <ClCompile Include="StdAfx.cpp" />
    <ClCompile Include="WorldEngine\WorldEngine.cpp">
      <Filter>WorldEngine</Filter>
    </ClCompile>
    <ClCompile Include="WorldModule.cpp" />
  </ItemGroup>
  <ItemGroup>
    <ClInclude Include="StdAfx.h" />
    <ClInclude Include="WorldEngine\WorldEngine.h">
      <Filter>WorldEngine</Filter>
    </ClInclude>
    <ClInclude Include="WorldModule.h" />
  </ItemGroup>
  <ItemGroup>
    <Filter Include="WorldEngine">
      <UniqueIdentifier>{f337ba5a-0ea2-41f9-8f70-46d129429b9a}</UniqueIdentifier>
    </Filter>
  </ItemGroup>
</Project>