<?xml version="1.0" encoding="utf-8"?>
<Project ToolsVersion="4.0" xmlns="http://schemas.microsoft.com/developer/msbuild/2003">
  <ItemGroup>
    <ClCompile Include="StdAfx.cpp" />
    <ClCompile Include="WorldEngine\WorldEngine.cpp">
      <Filter>WorldEngine</Filter>
    </ClCompile>
    <ClCompile Include="RenderNodes\DecalRenderNode.cpp">
      <Filter>RenderNodes</Filter>
    </ClCompile>
    <ClCompile Include="RenderNodes\LightSourceNode.cpp">
      <Filter>RenderNodes</Filter>
    </ClCompile>
    <ClCompile Include="RenderNodes\MeshRenderNode.cpp">
      <Filter>RenderNodes</Filter>
    </ClCompile>
    <ClCompile Include="RenderNodes\VegetationNode.cpp">
      <Filter>RenderNodes</Filter>
    </ClCompile>
    <ClCompile Include="RenderNodes\CharacterRenderNode.cpp">
      <Filter>RenderNodes</Filter>
    </ClCompile>
  </ItemGroup>
  <ItemGroup>
    <ClInclude Include="StdAfx.h" />
    <ClInclude Include="WorldEngine\WorldEngine.h">
      <Filter>WorldEngine</Filter>
    </ClInclude>
    <ClInclude Include="RenderNodes\DecalRenderNode.h">
      <Filter>RenderNodes</Filter>
    </ClInclude>
    <ClInclude Include="RenderNodes\LightSourceNode.h">
      <Filter>RenderNodes</Filter>
    </ClInclude>
    <ClInclude Include="RenderNodes\MeshRenderNode.h">
      <Filter>RenderNodes</Filter>
    </ClInclude>
    <ClInclude Include="RenderNodes\VegetationNode.h">
      <Filter>RenderNodes</Filter>
    </ClInclude>
    <ClInclude Include="RenderNodes\CharacterRenderNode.h">
      <Filter>RenderNodes</Filter>
    </ClInclude>
  </ItemGroup>
  <ItemGroup>
    <Filter Include="WorldEngine">
      <UniqueIdentifier>{f337ba5a-0ea2-41f9-8f70-46d129429b9a}</UniqueIdentifier>
    </Filter>
    <Filter Include="RenderNodes">
      <UniqueIdentifier>{fdc9c0e5-f106-4121-aeda-8c12419f1d87}</UniqueIdentifier>
    </Filter>
  </ItemGroup>
</Project>