<?xml version="1.0" encoding="utf-8"?>
<Project ToolsVersion="4.0" xmlns="http://schemas.microsoft.com/developer/msbuild/2003">
  <ItemGroup>
    <ClInclude Include="..\RenderCommon\Renderer.h">
      <Filter>Common</Filter>
    </ClInclude>
    <ClInclude Include="VKRenderer.h" />
    <ClInclude Include="..\RenderCommon\StdAfx.h" />
  </ItemGroup>
  <ItemGroup>
    <ClCompile Include="..\RenderCommon\Renderer.cpp">
      <Filter>Common</Filter>
    </ClCompile>
    <ClCompile Include="VKRenderer.cpp" />
    <ClCompile Include="..\RenderCommon\StdAfx.cpp" />
  </ItemGroup>
  <ItemGroup>
    <Filter Include="Common">
      <UniqueIdentifier>{6ceba306-598e-49d4-91eb-5509f05c30af}</UniqueIdentifier>
    </Filter>
  </ItemGroup>
</Project>