<?xml version="1.0" encoding="utf-8"?>
<Project ToolsVersion="4.0" xmlns="http://schemas.microsoft.com/developer/msbuild/2003">
  <ItemGroup>
    <Filter Include="Header Files">
      <UniqueIdentifier>{93995380-89BD-4b04-88EB-625FBE52EBFB}</UniqueIdentifier>
      <Extensions>h;hh;hpp;hxx;h++;hm;inl;inc;ipp;xsd</Extensions>
    </Filter>
    <Filter Include="Interfaces">
      <UniqueIdentifier>{0421196d-ed7e-481d-86da-2b2f9b991900}</UniqueIdentifier>
    </Filter>
    <Filter Include="Interfaces\WorldModule">
      <UniqueIdentifier>{cb5ddeb0-43d6-489d-9a38-57fab6c9c2f4}</UniqueIdentifier>
    </Filter>
    <Filter Include="Interfaces\AIModule">
      <UniqueIdentifier>{a78cbc69-3fac-4dac-9ea9-ccb1d00fb061}</UniqueIdentifier>
    </Filter>
    <Filter Include="Interfaces\AnimModule">
      <UniqueIdentifier>{c0266882-134d-4218-90e8-b41f286e23cc}</UniqueIdentifier>
    </Filter>
    <Filter Include="Interfaces\ScriptsModule">
      <UniqueIdentifier>{42e687fe-3d5c-47e9-9554-8688e2b093d4}</UniqueIdentifier>
    </Filter>
    <Filter Include="Interfaces\RenderModule">
      <UniqueIdentifier>{96bc1eec-7f8c-460f-a2cc-878dbfb73be2}</UniqueIdentifier>
    </Filter>
    <Filter Include="Interfaces\PhysicsModule">
      <UniqueIdentifier>{68640a5b-efaf-4cd4-88aa-009e9609bbce}</UniqueIdentifier>
    </Filter>
    <Filter Include="Interfaces\System">
      <UniqueIdentifier>{539d86c5-44ba-46a0-bc00-9a7d1817e51c}</UniqueIdentifier>
    </Filter>
    <Filter Include="Interfaces\InputModule">
      <UniqueIdentifier>{e6dcfb85-3e36-4de3-a464-a18197287467}</UniqueIdentifier>
    </Filter>
    <Filter Include="Utils">
      <UniqueIdentifier>{29cf0548-79d2-401a-b8a1-9b4a87e558d7}</UniqueIdentifier>
    </Filter>
    <Filter Include="Interfaces\EntitySystem">
      <UniqueIdentifier>{2fdc4466-05e2-4d26-80cb-88fc7f392927}</UniqueIdentifier>
    </Filter>
    <Filter Include="Interfaces\GameFramework">
      <UniqueIdentifier>{fd4954b3-31be-4c27-baf4-a12baa8222de}</UniqueIdentifier>
    </Filter>
  </ItemGroup>
  <ItemGroup>
    <ClInclude Include="WorldModule\IWorldModule.h">
      <Filter>Interfaces\WorldModule</Filter>
    </ClInclude>
    <ClInclude Include="AnimModule\IAnimModule.h">
      <Filter>Interfaces\AnimModule</Filter>
    </ClInclude>
    <ClInclude Include="AIModule\IAIModule.h">
      <Filter>Interfaces\AIModule</Filter>
    </ClInclude>
    <ClInclude Include="RenderModule\IRenderModule.h">
      <Filter>Interfaces\RenderModule</Filter>
    </ClInclude>
    <ClInclude Include="PhysicsModule\IPhysicsModule.h">
      <Filter>Interfaces\PhysicsModule</Filter>
    </ClInclude>
    <ClInclude Include="ScriptsModule\IScriptsModule.h">
      <Filter>Interfaces\ScriptsModule</Filter>
    </ClInclude>
    <ClInclude Include="platform.h">
      <Filter>Header Files</Filter>
    </ClInclude>
    <ClInclude Include="Library.h">
      <Filter>Header Files</Filter>
    </ClInclude>
    <ClInclude Include="PlatformDefines.h">
      <Filter>Header Files</Filter>
    </ClInclude>
    <ClInclude Include="RenderModule\IRenderer.h">
      <Filter>Interfaces\RenderModule</Filter>
    </ClInclude>
    <ClInclude Include="System\ITimer.h">
      <Filter>Interfaces\System</Filter>
    </ClInclude>
    <ClInclude Include="System\IEngineModule.h">
      <Filter>Interfaces\System</Filter>
    </ClInclude>
    <ClInclude Include="System\ISystem.h">
      <Filter>Interfaces\System</Filter>
    </ClInclude>
    <ClInclude Include="System\IWindowMessageHandler.h">
      <Filter>Interfaces\System</Filter>
    </ClInclude>
    <ClInclude Include="System\SystemInitParams.h">
      <Filter>Interfaces\System</Filter>
    </ClInclude>
    <ClInclude Include="Camera.h">
      <Filter>Header Files</Filter>
    </ClInclude>
    <ClInclude Include="InputModule\IInputModule.h">
      <Filter>Interfaces\InputModule</Filter>
    </ClInclude>
    <ClInclude Include="RenderModule\IRenderElement.h">
      <Filter>Interfaces\RenderModule</Filter>
    </ClInclude>
    <ClInclude Include="RenderModule\IShader.h">
      <Filter>Interfaces\RenderModule</Filter>
    </ClInclude>
    <ClInclude Include="RenderModule\ITexture.h">
      <Filter>Interfaces\RenderModule</Filter>
    </ClInclude>
    <ClInclude Include="WorldModule\IRenderNode.h">
      <Filter>Interfaces\WorldModule</Filter>
    </ClInclude>
    <ClInclude Include="WorldModule\IWorldEngine.h">
      <Filter>Interfaces\WorldModule</Filter>
    </ClInclude>
    <ClInclude Include="WorldModule\IMaterial.h">
      <Filter>Interfaces\WorldModule</Filter>
    </ClInclude>
    <ClInclude Include="Utils\StringUtils.h">
      <Filter>Utils</Filter>
    </ClInclude>
    <ClInclude Include="Utils\PredefinedColors.h">
      <Filter>Utils</Filter>
    </ClInclude>
    <ClInclude Include="Utils\pugixml.hpp">
      <Filter>Utils</Filter>
    </ClInclude>
    <ClInclude Include="Utils\PathUtils.h">
      <Filter>Utils</Filter>
    </ClInclude>
    <ClInclude Include="WorldModule\IWorldObj.h">
      <Filter>Interfaces\WorldModule</Filter>
    </ClInclude>
    <ClInclude Include="WorldModule\IMesh.h">
      <Filter>Interfaces\WorldModule</Filter>
    </ClInclude>
    <ClInclude Include="RenderModule\IRenderMesh.h">
      <Filter>Interfaces\RenderModule</Filter>
    </ClInclude>
    <ClInclude Include="RenderModule\VertexFormats.h">
      <Filter>Interfaces\RenderModule</Filter>
    </ClInclude>
    <ClInclude Include="RenderModule\IRenderView.h">
      <Filter>Interfaces\RenderModule</Filter>
    </ClInclude>
    <ClInclude Include="Utils\CRC.h">
      <Filter>Utils</Filter>
    </ClInclude>
    <ClInclude Include="Utils\FileHelper.h">
      <Filter>Utils</Filter>
    </ClInclude>
    <ClInclude Include="Utils\SimpleMath.h">
      <Filter>Utils</Filter>
    </ClInclude>
    <ClInclude Include="AIModule\IAISystem.h">
      <Filter>Interfaces\AIModule</Filter>
    </ClInclude>
    <ClInclude Include="EntitySystem\IEntity.h">
      <Filter>Interfaces\EntitySystem</Filter>
    </ClInclude>
    <ClInclude Include="EntitySystem\IEntitySystem.h">
      <Filter>Interfaces\EntitySystem</Filter>
    </ClInclude>
    <ClInclude Include="InputModule\IInputSystem.h">
      <Filter>Interfaces\InputModule</Filter>
    </ClInclude>
    <ClInclude Include="GameFramework\IGameFramework.h">
      <Filter>Interfaces\GameFramework</Filter>
    </ClInclude>
    <ClInclude Include="GameFramework\IGameModule.h">
      <Filter>Interfaces\GameFramework</Filter>
    </ClInclude>
  </ItemGroup>
  <ItemGroup>
    <None Include="platform.inl">
      <Filter>Header Files</Filter>
    </None>
    <None Include="Utils\SimpleMath.inl">
      <Filter>Utils</Filter>
    </None>
  </ItemGroup>
</Project>